// !$*UTF8*$!
{
	archiveVersion = 1;
	classes = {
	};
	objectVersion = 50;
	objects = {

/* Begin PBXBuildFile section */
		3DF0359B26682AC3008FA98A /* EasynvestApp.swift in Sources */ = {isa = PBXBuildFile; fileRef = 3DF0359A26682AC3008FA98A /* EasynvestApp.swift */; };
		3DF0359D26682AC3008FA98A /* ContentView.swift in Sources */ = {isa = PBXBuildFile; fileRef = 3DF0359C26682AC3008FA98A /* ContentView.swift */; };
		3DF0359F26682AC7008FA98A /* Assets.xcassets in Resources */ = {isa = PBXBuildFile; fileRef = 3DF0359E26682AC7008FA98A /* Assets.xcassets */; };
		3DF035A226682AC7008FA98A /* Preview Assets.xcassets in Resources */ = {isa = PBXBuildFile; fileRef = 3DF035A126682AC7008FA98A /* Preview Assets.xcassets */; };
		3DF035B22668383D008FA98A /* YellowShape.swift in Sources */ = {isa = PBXBuildFile; fileRef = 3DF035B12668383D008FA98A /* YellowShape.swift */; };
		3DF035B4266838F6008FA98A /* PinkShape.swift in Sources */ = {isa = PBXBuildFile; fileRef = 3DF035B3266838F6008FA98A /* PinkShape.swift */; };
		3DF035B626683FCB008FA98A /* PurpleShape.swift in Sources */ = {isa = PBXBuildFile; fileRef = 3DF035B526683FCB008FA98A /* PurpleShape.swift */; };
		3DF035B8266841CD008FA98A /* README.md in Resources */ = {isa = PBXBuildFile; fileRef = 3DF035B7266841CD008FA98A /* README.md */; };
/* End PBXBuildFile section */

/* Begin PBXFileReference section */
		3DF0359726682AC3008FA98A /* Easynvest.app */ = {isa = PBXFileReference; explicitFileType = wrapper.application; includeInIndex = 0; path = Easynvest.app; sourceTree = BUILT_PRODUCTS_DIR; };
		3DF0359A26682AC3008FA98A /* EasynvestApp.swift */ = {isa = PBXFileReference; lastKnownFileType = sourcecode.swift; path = EasynvestApp.swift; sourceTree = "<group>"; };
		3DF0359C26682AC3008FA98A /* ContentView.swift */ = {isa = PBXFileReference; lastKnownFileType = sourcecode.swift; path = ContentView.swift; sourceTree = "<group>"; };
		3DF0359E26682AC7008FA98A /* Assets.xcassets */ = {isa = PBXFileReference; lastKnownFileType = folder.assetcatalog; path = Assets.xcassets; sourceTree = "<group>"; };
		3DF035A126682AC7008FA98A /* Preview Assets.xcassets */ = {isa = PBXFileReference; lastKnownFileType = folder.assetcatalog; path = "Preview Assets.xcassets"; sourceTree = "<group>"; };
		3DF035A326682AC7008FA98A /* Info.plist */ = {isa = PBXFileReference; lastKnownFileType = text.plist.xml; path = Info.plist; sourceTree = "<group>"; };
		3DF035B12668383D008FA98A /* YellowShape.swift */ = {isa = PBXFileReference; lastKnownFileType = sourcecode.swift; path = YellowShape.swift; sourceTree = "<group>"; };
		3DF035B3266838F6008FA98A /* PinkShape.swift */ = {isa = PBXFileReference; lastKnownFileType = sourcecode.swift; path = PinkShape.swift; sourceTree = "<group>"; };
		3DF035B526683FCB008FA98A /* PurpleShape.swift */ = {isa = PBXFileReference; lastKnownFileType = sourcecode.swift; path = PurpleShape.swift; sourceTree = "<group>"; };
		3DF035B7266841CD008FA98A /* README.md */ = {isa = PBXFileReference; lastKnownFileType = net.daringfireball.markdown; path = README.md; sourceTree = "<group>"; };
/* End PBXFileReference section */

/* Begin PBXFrameworksBuildPhase section */
		3DF0359426682AC3008FA98A /* Frameworks */ = {
			isa = PBXFrameworksBuildPhase;
			buildActionMask = 2147483647;
			files = (
			);
			runOnlyForDeploymentPostprocessing = 0;
		};
/* End PBXFrameworksBuildPhase section */

/* Begin PBXGroup section */
		3DF0358E26682AC3008FA98A = {
			isa = PBXGroup;
			children = (
				3DF035B7266841CD008FA98A /* README.md */,
				3DF0359926682AC3008FA98A /* Easynvest */,
				3DF0359826682AC3008FA98A /* Products */,
			);
			sourceTree = "<group>";
		};
		3DF0359826682AC3008FA98A /* Products */ = {
			isa = PBXGroup;
			children = (
				3DF0359726682AC3008FA98A /* Easynvest.app */,
			);
			name = Products;
			sourceTree = "<group>";
		};
		3DF0359926682AC3008FA98A /* Easynvest */ = {
			isa = PBXGroup;
			children = (
				3DF0359A26682AC3008FA98A /* EasynvestApp.swift */,
				3DF0359C26682AC3008FA98A /* ContentView.swift */,
				3DF0359E26682AC7008FA98A /* Assets.xcassets */,
				3DF035A326682AC7008FA98A /* Info.plist */,
				3DF035A026682AC7008FA98A /* Preview Content */,
				3DF035B12668383D008FA98A /* YellowShape.swift */,
				3DF035B3266838F6008FA98A /* PinkShape.swift */,
				3DF035B526683FCB008FA98A /* PurpleShape.swift */,
			);
			path = Easynvest;
			sourceTree = "<group>";
		};
		3DF035A026682AC7008FA98A /* Preview Content */ = {
			isa = PBXGroup;
			children = (
				3DF035A126682AC7008FA98A /* Preview Assets.xcassets */,
			);
			path = "Preview Content";
			sourceTree = "<group>";
		};
/* End PBXGroup section */

/* Begin PBXNativeTarget section */
		3DF0359626682AC3008FA98A /* Easynvest */ = {
			isa = PBXNativeTarget;
			buildConfigurationList = 3DF035A626682AC8008FA98A /* Build configuration list for PBXNativeTarget "Easynvest" */;
			buildPhases = (
				3DF0359326682AC3008FA98A /* Sources */,
				3DF0359426682AC3008FA98A /* Frameworks */,
				3DF0359526682AC3008FA98A /* Resources */,
			);
			buildRules = (
			);
			dependencies = (
			);
			name = Easynvest;
			productName = Easynvest;
			productReference = 3DF0359726682AC3008FA98A /* Easynvest.app */;
			productType = "com.apple.product-type.application";
		};
/* End PBXNativeTarget section */

/* Begin PBXProject section */
		3DF0358F26682AC3008FA98A /* Project object */ = {
			isa = PBXProject;
			attributes = {
				LastSwiftUpdateCheck = 1250;
				LastUpgradeCheck = 1250;
				TargetAttributes = {
					3DF0359626682AC3008FA98A = {
						CreatedOnToolsVersion = 12.5;
					};
				};
			};
			buildConfigurationList = 3DF0359226682AC3008FA98A /* Build configuration list for PBXProject "Easynvest" */;
			compatibilityVersion = "Xcode 9.3";
			developmentRegion = en;
			hasScannedForEncodings = 0;
			knownRegions = (
				en,
				Base,
			);
			mainGroup = 3DF0358E26682AC3008FA98A;
			productRefGroup = 3DF0359826682AC3008FA98A /* Products */;
			projectDirPath = "";
			projectRoot = "";
			targets = (
				3DF0359626682AC3008FA98A /* Easynvest */,
			);
		};
/* End PBXProject section */

/* Begin PBXResourcesBuildPhase section */
		3DF0359526682AC3008FA98A /* Resources */ = {
			isa = PBXResourcesBuildPhase;
			buildActionMask = 2147483647;
			files = (
				3DF035B8266841CD008FA98A /* README.md in Resources */,
				3DF035A226682AC7008FA98A /* Preview Assets.xcassets in Resources */,
				3DF0359F26682AC7008FA98A /* Assets.xcassets in Resources */,
			);
			runOnlyForDeploymentPostprocessing = 0;
		};
/* End PBXResourcesBuildPhase section */

/* Begin PBXSourcesBuildPhase section */
		3DF0359326682AC3008FA98A /* Sources */ = {
			isa = PBXSourcesBuildPhase;
			buildActionMask = 2147483647;
			files = (
				3DF0359D26682AC3008FA98A /* ContentView.swift in Sources */,
				3DF035B626683FCB008FA98A /* PurpleShape.swift in Sources */,
				3DF035B4266838F6008FA98A /* PinkShape.swift in Sources */,
				3DF035B22668383D008FA98A /* YellowShape.swift in Sources */,
				3DF0359B26682AC3008FA98A /* EasynvestApp.swift in Sources */,
			);
			runOnlyForDeploymentPostprocessing = 0;
		};
/* End PBXSourcesBuildPhase section */

/* Begin XCBuildConfiguration section */
		3DF035A426682AC8008FA98A /* Debug */ = {
			isa = XCBuildConfiguration;
			buildSettings = {
				ALWAYS_SEARCH_USER_PATHS = NO;
				CLANG_ANALYZER_NONNULL = YES;
				CLANG_ANALYZER_NUMBER_OBJECT_CONVERSION = YES_AGGRESSIVE;
				CLANG_CXX_LANGUAGE_STANDARD = "gnu++14";
				CLANG_CXX_LIBRARY = "libc++";
				CLANG_ENABLE_MODULES = YES;
				CLANG_ENABLE_OBJC_ARC = YES;
				CLANG_ENABLE_OBJC_WEAK = YES;
				CLANG_WARN_BLOCK_CAPTURE_AUTORELEASING = YES;
				CLANG_WARN_BOOL_CONVERSION = YES;
				CLANG_WARN_COMMA = YES;
				CLANG_WARN_CONSTANT_CONVERSION = YES;
				CLANG_WARN_DEPRECATED_OBJC_IMPLEMENTATIONS = YES;
				CLANG_WARN_DIRECT_OBJC_ISA_USAGE = YES_ERROR;
				CLANG_WARN_DOCUMENTATION_COMMENTS = YES;
				CLANG_WARN_EMPTY_BODY = YES;
				CLANG_WARN_ENUM_CONVERSION = YES;
				CLANG_WARN_INFINITE_RECURSION = YES;
				CLANG_WARN_INT_CONVERSION = YES;
				CLANG_WARN_NON_LITERAL_NULL_CONVERSION = YES;
				CLANG_WARN_OBJC_IMPLICIT_RETAIN_SELF = YES;
				CLANG_WARN_OBJC_LITERAL_CONVERSION = YES;
				CLANG_WARN_OBJC_ROOT_CLASS = YES_ERROR;
				CLANG_WARN_QUOTED_INCLUDE_IN_FRAMEWORK_HEADER = YES;
				CLANG_WARN_RANGE_LOOP_ANALYSIS = YES;
				CLANG_WARN_STRICT_PROTOTYPES = YES;
				CLANG_WARN_SUSPICIOUS_MOVE = YES;
				CLANG_WARN_UNGUARDED_AVAILABILITY = YES_AGGRESSIVE;
				CLANG_WARN_UNREACHABLE_CODE = YES;
				CLANG_WARN__DUPLICATE_METHOD_MATCH = YES;
				COPY_PHASE_STRIP = NO;
				DEBUG_INFORMATION_FORMAT = dwarf;
				ENABLE_STRICT_OBJC_MSGSEND = YES;
				ENABLE_TESTABILITY = YES;
				GCC_C_LANGUAGE_STANDARD = gnu11;
				GCC_DYNAMIC_NO_PIC = NO;
				GCC_NO_COMMON_BLOCKS = YES;
				GCC_OPTIMIZATION_LEVEL = 0;
				GCC_PREPROCESSOR_DEFINITIONS = (
					"DEBUG=1",
					"$(inherited)",
				);
				GCC_WARN_64_TO_32_BIT_CONVERSION = YES;
				GCC_WARN_ABOUT_RETURN_TYPE = YES_ERROR;
				GCC_WARN_UNDECLARED_SELECTOR = YES;
				GCC_WARN_UNINITIALIZED_AUTOS = YES_AGGRESSIVE;
				GCC_WARN_UNUSED_FUNCTION = YES;
				GCC_WARN_UNUSED_VARIABLE = YES;
				IPHONEOS_DEPLOYMENT_TARGET = 14.5;
				MTL_ENABLE_DEBUG_INFO = INCLUDE_SOURCE;
				MTL_FAST_MATH = YES;
				ONLY_ACTIVE_ARCH = YES;
				SDKROOT = iphoneos;
				SWIFT_ACTIVE_COMPILATION_CONDITIONS = DEBUG;
				SWIFT_OPTIMIZATION_LEVEL = "-Onone";
			};
			name = Debug;
		};
		3DF035A526682AC8008FA98A /* Release */ = {
			isa = XCBuildConfiguration;
			buildSettings = {
				ALWAYS_SEARCH_USER_PATHS = NO;
				CLANG_ANALYZER_NONNULL = YES;
				CLANG_ANALYZER_NUMBER_OBJECT_CONVERSION = YES_AGGRESSIVE;
				CLANG_CXX_LANGUAGE_STANDARD = "gnu++14";
				CLANG_CXX_LIBRARY = "libc++";
				CLANG_ENABLE_MODULES = YES;
				CLANG_ENABLE_OBJC_ARC = YES;
				CLANG_ENABLE_OBJC_WEAK = YES;
				CLANG_WARN_BLOCK_CAPTURE_AUTORELEASING = YES;
				CLANG_WARN_BOOL_CONVERSION = YES;
				CLANG_WARN_COMMA = YES;
				CLANG_WARN_CONSTANT_CONVERSION = YES;
				CLANG_WARN_DEPRECATED_OBJC_IMPLEMENTATIONS = YES;
				CLANG_WARN_DIRECT_OBJC_ISA_USAGE = YES_ERROR;
				CLANG_WARN_DOCUMENTATION_COMMENTS = YES;
				CLANG_WARN_EMPTY_BODY = YES;
				CLANG_WARN_ENUM_CONVERSION = YES;
				CLANG_WARN_INFINITE_RECURSION = YES;
				CLANG_WARN_INT_CONVERSION = YES;
				CLANG_WARN_NON_LITERAL_NULL_CONVERSION = YES;
				CLANG_WARN_OBJC_IMPLICIT_RETAIN_SELF = YES;
				CLANG_WARN_OBJC_LITERAL_CONVERSION = YES;
				CLANG_WARN_OBJC_ROOT_CLASS = YES_ERROR;
				CLANG_WARN_QUOTED_INCLUDE_IN_FRAMEWORK_HEADER = YES;
				CLANG_WARN_RANGE_LOOP_ANALYSIS = YES;
				CLANG_WARN_STRICT_PROTOTYPES = YES;
				CLANG_WARN_SUSPICIOUS_MOVE = YES;
				CLANG_WARN_UNGUARDED_AVAILABILITY = YES_AGGRESSIVE;
				CLANG_WARN_UNREACHABLE_CODE = YES;
				CLANG_WARN__DUPLICATE_METHOD_MATCH = YES;
				COPY_PHASE_STRIP = NO;
				DEBUG_INFORMATION_FORMAT = "dwarf-with-dsym";
				ENABLE_NS_ASSERTIONS = NO;
				ENABLE_STRICT_OBJC_MSGSEND = YES;
				GCC_C_LANGUAGE_STANDARD = gnu11;
				GCC_NO_COMMON_BLOCKS = YES;
				GCC_WARN_64_TO_32_BIT_CONVERSION = YES;
				GCC_WARN_ABOUT_RETURN_TYPE = YES_ERROR;
				GCC_WARN_UNDECLARED_SELECTOR = YES;
				GCC_WARN_UNINITIALIZED_AUTOS = YES_AGGRESSIVE;
				GCC_WARN_UNUSED_FUNCTION = YES;
				GCC_WARN_UNUSED_VARIABLE = YES;
				IPHONEOS_DEPLOYMENT_TARGET = 14.5;
				MTL_ENABLE_DEBUG_INFO = NO;
				MTL_FAST_MATH = YES;
				SDKROOT = iphoneos;
				SWIFT_COMPILATION_MODE = wholemodule;
				SWIFT_OPTIMIZATION_LEVEL = "-O";
				VALIDATE_PRODUCT = YES;
			};
			name = Release;
		};
		3DF035A726682AC8008FA98A /* Debug */ = {
			isa = XCBuildConfiguration;
			buildSettings = {
				ASSETCATALOG_COMPILER_APPICON_NAME = AppIcon;
				ASSETCATALOG_COMPILER_GLOBAL_ACCENT_COLOR_NAME = AccentColor;
				CODE_SIGN_STYLE = Automatic;
				DEVELOPMENT_ASSET_PATHS = "\"Easynvest/Preview Content\"";
				ENABLE_PREVIEWS = YES;
				INFOPLIST_FILE = Easynvest/Info.plist;
				IPHONEOS_DEPLOYMENT_TARGET = 14.0;
				LD_RUNPATH_SEARCH_PATHS = (
					"$(inherited)",
					"@executable_path/Frameworks",
				);
				PRODUCT_BUNDLE_IDENTIFIER = io.github.rphlfc.Easynvest;
				PRODUCT_NAME = "$(TARGET_NAME)";
				SWIFT_VERSION = 5.0;
				TARGETED_DEVICE_FAMILY = "1,2";
			};
			name = Debug;
		};
		3DF035A826682AC8008FA98A /* Release */ = {
			isa = XCBuildConfiguration;
			buildSettings = {
				ASSETCATALOG_COMPILER_APPICON_NAME = AppIcon;
				ASSETCATALOG_COMPILER_GLOBAL_ACCENT_COLOR_NAME = AccentColor;
				CODE_SIGN_STYLE = Automatic;
				DEVELOPMENT_ASSET_PATHS = "\"Easynvest/Preview Content\"";
				ENABLE_PREVIEWS = YES;
				INFOPLIST_FILE = Easynvest/Info.plist;
				IPHONEOS_DEPLOYMENT_TARGET = 14.0;
				LD_RUNPATH_SEARCH_PATHS = (
					"$(inherited)",
					"@executable_path/Frameworks",
				);
				PRODUCT_BUNDLE_IDENTIFIER = io.github.rphlfc.Easynvest;
				PRODUCT_NAME = "$(TARGET_NAME)";
				SWIFT_VERSION = 5.0;
				TARGETED_DEVICE_FAMILY = "1,2";
			};
			name = Release;
		};
/* End XCBuildConfiguration section */

/* Begin XCConfigurationList section */
		3DF0359226682AC3008FA98A /* Build configuration list for PBXProject "Easynvest" */ = {
			isa = XCConfigurationList;
			buildConfigurations = (
				3DF035A426682AC8008FA98A /* Debug */,
				3DF035A526682AC8008FA98A /* Release */,
			);
			defaultConfigurationIsVisible = 0;
			defaultConfigurationName = Release;
		};
		3DF035A626682AC8008FA98A /* Build configuration list for PBXNativeTarget "Easynvest" */ = {
			isa = XCConfigurationList;
			buildConfigurations = (
				3DF035A726682AC8008FA98A /* Debug */,
				3DF035A826682AC8008FA98A /* Release */,
			);
			defaultConfigurationIsVisible = 0;
			defaultConfigurationName = Release;
		};
/* End XCConfigurationList section */
	};
	rootObject = 3DF0358F26682AC3008FA98A /* Project object */;
}
